// !$*UTF8*$!
{
	archiveVersion = 1;
	classes = {
	};
	objectVersion = 50;
	objects = {

/* Begin PBXBuildFile section */
		CF400FE320FD244300100BB2 /* AppDelegate.swift in Sources */ = {isa = PBXBuildFile; fileRef = CF400FE220FD244300100BB2 /* AppDelegate.swift */; };
		CF400FE520FD244300100BB2 /* ViewController.swift in Sources */ = {isa = PBXBuildFile; fileRef = CF400FE420FD244300100BB2 /* ViewController.swift */; };
		CF400FE820FD244300100BB2 /* Main.storyboard in Resources */ = {isa = PBXBuildFile; fileRef = CF400FE620FD244300100BB2 /* Main.storyboard */; };
		CF400FEB20FD244300100BB2 /* BucketListAPI.xcdatamodeld in Sources */ = {isa = PBXBuildFile; fileRef = CF400FE920FD244300100BB2 /* BucketListAPI.xcdatamodeld */; };
		CF400FED20FD244400100BB2 /* Assets.xcassets in Resources */ = {isa = PBXBuildFile; fileRef = CF400FEC20FD244400100BB2 /* Assets.xcassets */; };
		CF400FF020FD244400100BB2 /* LaunchScreen.storyboard in Resources */ = {isa = PBXBuildFile; fileRef = CF400FEE20FD244400100BB2 /* LaunchScreen.storyboard */; };
/* End PBXBuildFile section */

/* Begin PBXFileReference section */
		CF400FDF20FD244300100BB2 /* BucketListAPI.app */ = {isa = PBXFileReference; explicitFileType = wrapper.application; includeInIndex = 0; path = BucketListAPI.app; sourceTree = BUILT_PRODUCTS_DIR; };
		CF400FE220FD244300100BB2 /* AppDelegate.swift */ = {isa = PBXFileReference; lastKnownFileType = sourcecode.swift; path = AppDelegate.swift; sourceTree = "<group>"; };
		CF400FE420FD244300100BB2 /* ViewController.swift */ = {isa = PBXFileReference; lastKnownFileType = sourcecode.swift; path = ViewController.swift; sourceTree = "<group>"; };
		CF400FE720FD244300100BB2 /* Base */ = {isa = PBXFileReference; lastKnownFileType = file.storyboard; name = Base; path = Base.lproj/Main.storyboard; sourceTree = "<group>"; };
		CF400FEA20FD244300100BB2 /* BucketListAPI.xcdatamodel */ = {isa = PBXFileReference; lastKnownFileType = wrapper.xcdatamodel; path = BucketListAPI.xcdatamodel; sourceTree = "<group>"; };
		CF400FEC20FD244400100BB2 /* Assets.xcassets */ = {isa = PBXFileReference; lastKnownFileType = folder.assetcatalog; path = Assets.xcassets; sourceTree = "<group>"; };
		CF400FEF20FD244400100BB2 /* Base */ = {isa = PBXFileReference; lastKnownFileType = file.storyboard; name = Base; path = Base.lproj/LaunchScreen.storyboard; sourceTree = "<group>"; };
		CF400FF120FD244400100BB2 /* Info.plist */ = {isa = PBXFileReference; lastKnownFileType = text.plist.xml; path = Info.plist; sourceTree = "<group>"; };
/* End PBXFileReference section */

/* Begin PBXFrameworksBuildPhase section */
		CF400FDC20FD244300100BB2 /* Frameworks */ = {
			isa = PBXFrameworksBuildPhase;
			buildActionMask = 2147483647;
			files = (
			);
			runOnlyForDeploymentPostprocessing = 0;
		};
/* End PBXFrameworksBuildPhase section */

/* Begin PBXGroup section */
		CF400FD620FD244300100BB2 = {
			isa = PBXGroup;
			children = (
				CF400FE120FD244300100BB2 /* BucketListAPI */,
				CF400FE020FD244300100BB2 /* Products */,
			);
			sourceTree = "<group>";
		};
		CF400FE020FD244300100BB2 /* Products */ = {
			isa = PBXGroup;
			children = (
				CF400FDF20FD244300100BB2 /* BucketListAPI.app */,
			);
			name = Products;
			sourceTree = "<group>";
		};
		CF400FE120FD244300100BB2 /* BucketListAPI */ = {
			isa = PBXGroup;
			children = (
				CF400FE220FD244300100BB2 /* AppDelegate.swift */,
				CF400FE420FD244300100BB2 /* ViewController.swift */,
				CF400FE620FD244300100BB2 /* Main.storyboard */,
				CF400FEC20FD244400100BB2 /* Assets.xcassets */,
				CF400FEE20FD244400100BB2 /* LaunchScreen.storyboard */,
				CF400FF120FD244400100BB2 /* Info.plist */,
				CF400FE920FD244300100BB2 /* BucketListAPI.xcdatamodeld */,
			);
			path = BucketListAPI;
			sourceTree = "<group>";
		};
/* End PBXGroup section */

/* Begin PBXNativeTarget section */
		CF400FDE20FD244300100BB2 /* BucketListAPI */ = {
			isa = PBXNativeTarget;
			buildConfigurationList = CF400FF420FD244400100BB2 /* Build configuration list for PBXNativeTarget "BucketListAPI" */;
			buildPhases = (
				CF400FDB20FD244300100BB2 /* Sources */,
				CF400FDC20FD244300100BB2 /* Frameworks */,
				CF400FDD20FD244300100BB2 /* Resources */,
			);
			buildRules = (
			);
			dependencies = (
			);
			name = BucketListAPI;
			productName = BucketListAPI;
			productReference = CF400FDF20FD244300100BB2 /* BucketListAPI.app */;
			productType = "com.apple.product-type.application";
		};
/* End PBXNativeTarget section */

/* Begin PBXProject section */
		CF400FD720FD244300100BB2 /* Project object */ = {
			isa = PBXProject;
			attributes = {
				LastSwiftUpdateCheck = 0940;
				LastUpgradeCheck = 0940;
				ORGANIZATIONNAME = AshwinMahesh;
				TargetAttributes = {
					CF400FDE20FD244300100BB2 = {
						CreatedOnToolsVersion = 9.4.1;
					};
				};
			};
			buildConfigurationList = CF400FDA20FD244300100BB2 /* Build configuration list for PBXProject "BucketListAPI" */;
			compatibilityVersion = "Xcode 9.3";
			developmentRegion = en;
			hasScannedForEncodings = 0;
			knownRegions = (
				en,
				Base,
			);
			mainGroup = CF400FD620FD244300100BB2;
			productRefGroup = CF400FE020FD244300100BB2 /* Products */;
			projectDirPath = "";
			projectRoot = "";
			targets = (
				CF400FDE20FD244300100BB2 /* BucketListAPI */,
			);
		};
/* End PBXProject section */

/* Begin PBXResourcesBuildPhase section */
		CF400FDD20FD244300100BB2 /* Resources */ = {
			isa = PBXResourcesBuildPhase;
			buildActionMask = 2147483647;
			files = (
				CF400FF020FD244400100BB2 /* LaunchScreen.storyboard in Resources */,
				CF400FED20FD244400100BB2 /* Assets.xcassets in Resources */,
				CF400FE820FD244300100BB2 /* Main.storyboard in Resources */,
			);
			runOnlyForDeploymentPostprocessing = 0;
		};
/* End PBXResourcesBuildPhase section */

/* Begin PBXSourcesBuildPhase section */
		CF400FDB20FD244300100BB2 /* Sources */ = {
			isa = PBXSourcesBuildPhase;
			buildActionMask = 2147483647;
			files = (
				CF400FEB20FD244300100BB2 /* BucketListAPI.xcdatamodeld in Sources */,
				CF400FE520FD244300100BB2 /* ViewController.swift in Sources */,
				CF400FE320FD244300100BB2 /* AppDelegate.swift in Sources */,
			);
			runOnlyForDeploymentPostprocessing = 0;
		};
/* End PBXSourcesBuildPhase section */

/* Begin PBXVariantGroup section */
		CF400FE620FD244300100BB2 /* Main.storyboard */ = {
			isa = PBXVariantGroup;
			children = (
				CF400FE720FD244300100BB2 /* Base */,
			);
			name = Main.storyboard;
			sourceTree = "<group>";
		};
		CF400FEE20FD244400100BB2 /* LaunchScreen.storyboard */ = {
			isa = PBXVariantGroup;
			children = (
				CF400FEF20FD244400100BB2 /* Base */,
			);
			name = LaunchScreen.storyboard;
			sourceTree = "<group>";
		};
/* End PBXVariantGroup section */

/* Begin XCBuildConfiguration section */
		CF400FF220FD244400100BB2 /* Debug */ = {
			isa = XCBuildConfiguration;
			buildSettings = {
				ALWAYS_SEARCH_USER_PATHS = NO;
				CLANG_ANALYZER_NONNULL = YES;
				CLANG_ANALYZER_NUMBER_OBJECT_CONVERSION = YES_AGGRESSIVE;
				CLANG_CXX_LANGUAGE_STANDARD = "gnu++14";
				CLANG_CXX_LIBRARY = "libc++";
				CLANG_ENABLE_MODULES = YES;
				CLANG_ENABLE_OBJC_ARC = YES;
				CLANG_ENABLE_OBJC_WEAK = YES;
				CLANG_WARN_BLOCK_CAPTURE_AUTORELEASING = YES;
				CLANG_WARN_BOOL_CONVERSION = YES;
				CLANG_WARN_COMMA = YES;
				CLANG_WARN_CONSTANT_CONVERSION = YES;
				CLANG_WARN_DEPRECATED_OBJC_IMPLEMENTATIONS = YES;
				CLANG_WARN_DIRECT_OBJC_ISA_USAGE = YES_ERROR;
				CLANG_WARN_DOCUMENTATION_COMMENTS = YES;
				CLANG_WARN_EMPTY_BODY = YES;
				CLANG_WARN_ENUM_CONVERSION = YES;
				CLANG_WARN_INFINITE_RECURSION = YES;
				CLANG_WARN_INT_CONVERSION = YES;
				CLANG_WARN_NON_LITERAL_NULL_CONVERSION = YES;
				CLANG_WARN_OBJC_IMPLICIT_RETAIN_SELF = YES;
				CLANG_WARN_OBJC_LITERAL_CONVERSION = YES;
				CLANG_WARN_OBJC_ROOT_CLASS = YES_ERROR;
				CLANG_WARN_RANGE_LOOP_ANALYSIS = YES;
				CLANG_WARN_STRICT_PROTOTYPES = YES;
				CLANG_WARN_SUSPICIOUS_MOVE = YES;
				CLANG_WARN_UNGUARDED_AVAILABILITY = YES_AGGRESSIVE;
				CLANG_WARN_UNREACHABLE_CODE = YES;
				CLANG_WARN__DUPLICATE_METHOD_MATCH = YES;
				CODE_SIGN_IDENTITY = "iPhone Developer";
				COPY_PHASE_STRIP = NO;
				DEBUG_INFORMATION_FORMAT = dwarf;
				ENABLE_STRICT_OBJC_MSGSEND = YES;
				ENABLE_TESTABILITY = YES;
				GCC_C_LANGUAGE_STANDARD = gnu11;
				GCC_DYNAMIC_NO_PIC = NO;
				GCC_NO_COMMON_BLOCKS = YES;
				GCC_OPTIMIZATION_LEVEL = 0;
				GCC_PREPROCESSOR_DEFINITIONS = (
					"DEBUG=1",
					"$(inherited)",
				);
				GCC_WARN_64_TO_32_BIT_CONVERSION = YES;
				GCC_WARN_ABOUT_RETURN_TYPE = YES_ERROR;
				GCC_WARN_UNDECLARED_SELECTOR = YES;
				GCC_WARN_UNINITIALIZED_AUTOS = YES_AGGRESSIVE;
				GCC_WARN_UNUSED_FUNCTION = YES;
				GCC_WARN_UNUSED_VARIABLE = YES;
				IPHONEOS_DEPLOYMENT_TARGET = 11.4;
				MTL_ENABLE_DEBUG_INFO = YES;
				ONLY_ACTIVE_ARCH = YES;
				SDKROOT = iphoneos;
				SWIFT_ACTIVE_COMPILATION_CONDITIONS = DEBUG;
				SWIFT_OPTIMIZATION_LEVEL = "-Onone";
			};
			name = Debug;
		};
		CF400FF320FD244400100BB2 /* Release */ = {
			isa = XCBuildConfiguration;
			buildSettings = {
				ALWAYS_SEARCH_USER_PATHS = NO;
				CLANG_ANALYZER_NONNULL = YES;
				CLANG_ANALYZER_NUMBER_OBJECT_CONVERSION = YES_AGGRESSIVE;
				CLANG_CXX_LANGUAGE_STANDARD = "gnu++14";
				CLANG_CXX_LIBRARY = "libc++";
				CLANG_ENABLE_MODULES = YES;
				CLANG_ENABLE_OBJC_ARC = YES;
				CLANG_ENABLE_OBJC_WEAK = YES;
				CLANG_WARN_BLOCK_CAPTURE_AUTORELEASING = YES;
				CLANG_WARN_BOOL_CONVERSION = YES;
				CLANG_WARN_COMMA = YES;
				CLANG_WARN_CONSTANT_CONVERSION = YES;
				CLANG_WARN_DEPRECATED_OBJC_IMPLEMENTATIONS = YES;
				CLANG_WARN_DIRECT_OBJC_ISA_USAGE = YES_ERROR;
				CLANG_WARN_DOCUMENTATION_COMMENTS = YES;
				CLANG_WARN_EMPTY_BODY = YES;
				CLANG_WARN_ENUM_CONVERSION = YES;
				CLANG_WARN_INFINITE_RECURSION = YES;
				CLANG_WARN_INT_CONVERSION = YES;
				CLANG_WARN_NON_LITERAL_NULL_CONVERSION = YES;
				CLANG_WARN_OBJC_IMPLICIT_RETAIN_SELF = YES;
				CLANG_WARN_OBJC_LITERAL_CONVERSION = YES;
				CLANG_WARN_OBJC_ROOT_CLASS = YES_ERROR;
				CLANG_WARN_RANGE_LOOP_ANALYSIS = YES;
				CLANG_WARN_STRICT_PROTOTYPES = YES;
				CLANG_WARN_SUSPICIOUS_MOVE = YES;
				CLANG_WARN_UNGUARDED_AVAILABILITY = YES_AGGRESSIVE;
				CLANG_WARN_UNREACHABLE_CODE = YES;
				CLANG_WARN__DUPLICATE_METHOD_MATCH = YES;
				CODE_SIGN_IDENTITY = "iPhone Developer";
				COPY_PHASE_STRIP = NO;
				DEBUG_INFORMATION_FORMAT = "dwarf-with-dsym";
				ENABLE_NS_ASSERTIONS = NO;
				ENABLE_STRICT_OBJC_MSGSEND = YES;
				GCC_C_LANGUAGE_STANDARD = gnu11;
				GCC_NO_COMMON_BLOCKS = YES;
				GCC_WARN_64_TO_32_BIT_CONVERSION = YES;
				GCC_WARN_ABOUT_RETURN_TYPE = YES_ERROR;
				GCC_WARN_UNDECLARED_SELECTOR = YES;
				GCC_WARN_UNINITIALIZED_AUTOS = YES_AGGRESSIVE;
				GCC_WARN_UNUSED_FUNCTION = YES;
				GCC_WARN_UNUSED_VARIABLE = YES;
				IPHONEOS_DEPLOYMENT_TARGET = 11.4;
				MTL_ENABLE_DEBUG_INFO = NO;
				SDKROOT = iphoneos;
				SWIFT_COMPILATION_MODE = wholemodule;
				SWIFT_OPTIMIZATION_LEVEL = "-O";
				VALIDATE_PRODUCT = YES;
			};
			name = Release;
		};
		CF400FF520FD244400100BB2 /* Debug */ = {
			isa = XCBuildConfiguration;
			buildSettings = {
				ASSETCATALOG_COMPILER_APPICON_NAME = AppIcon;
				CODE_SIGN_STYLE = Automatic;
				DEVELOPMENT_TEAM = VQ9PY5C74Q;
				INFOPLIST_FILE = BucketListAPI/Info.plist;
				LD_RUNPATH_SEARCH_PATHS = (
					"$(inherited)",
					"@executable_path/Frameworks",
				);
				PRODUCT_BUNDLE_IDENTIFIER = com.ashwinmahesh.BucketListAPI;
				PRODUCT_NAME = "$(TARGET_NAME)";
				SWIFT_VERSION = 4.0;
				TARGETED_DEVICE_FAMILY = "1,2";
			};
			name = Debug;
		};
		CF400FF620FD244400100BB2 /* Release */ = {
			isa = XCBuildConfiguration;
			buildSettings = {
				ASSETCATALOG_COMPILER_APPICON_NAME = AppIcon;
				CODE_SIGN_STYLE = Automatic;
				DEVELOPMENT_TEAM = VQ9PY5C74Q;
				INFOPLIST_FILE = BucketListAPI/Info.plist;
				LD_RUNPATH_SEARCH_PATHS = (
					"$(inherited)",
					"@executable_path/Frameworks",
				);
				PRODUCT_BUNDLE_IDENTIFIER = com.ashwinmahesh.BucketListAPI;
				PRODUCT_NAME = "$(TARGET_NAME)";
				SWIFT_VERSION = 4.0;
				TARGETED_DEVICE_FAMILY = "1,2";
			};
			name = Release;
		};
/* End XCBuildConfiguration section */

/* Begin XCConfigurationList section */
		CF400FDA20FD244300100BB2 /* Build configuration list for PBXProject "BucketListAPI" */ = {
			isa = XCConfigurationList;
			buildConfigurations = (
				CF400FF220FD244400100BB2 /* Debug */,
				CF400FF320FD244400100BB2 /* Release */,
			);
			defaultConfigurationIsVisible = 0;
			defaultConfigurationName = Release;
		};
		CF400FF420FD244400100BB2 /* Build configuration list for PBXNativeTarget "BucketListAPI" */ = {
			isa = XCConfigurationList;
			buildConfigurations = (
				CF400FF520FD244400100BB2 /* Debug */,
				CF400FF620FD244400100BB2 /* Release */,
			);
			defaultConfigurationIsVisible = 0;
			defaultConfigurationName = Release;
		};
/* End XCConfigurationList section */

/* Begin XCVersionGroup section */
		CF400FE920FD244300100BB2 /* BucketListAPI.xcdatamodeld */ = {
			isa = XCVersionGroup;
			children = (
				CF400FEA20FD244300100BB2 /* BucketListAPI.xcdatamodel */,
			);
			currentVersion = CF400FEA20FD244300100BB2 /* BucketListAPI.xcdatamodel */;
			path = BucketListAPI.xcdatamodeld;
			sourceTree = "<group>";
			versionGroupType = wrapper.xcdatamodel;
		};
/* End XCVersionGroup section */
	};
	rootObject = CF400FD720FD244300100BB2 /* Project object */;
}
